{
  "nodes": {
    "nixos-xlnx": {
      "inputs": {
        "nixpkgs": "nixpkgs"
      },
      "locked": {
        "lastModified": 1778318270,
        "narHash": "sha256-yyTsxI7o0vjVjdvYINRdpW94pVKcpcs8yGM6P3n1MQ4=",
        "owner": "chuangzhu",
        "repo": "nixos-xlnx",
        "rev": "8bb30b706ad4f89ecc92f6ce6f5b19de86cc19d1",
        "type": "github"
      },
      "original": {
        "owner": "chuangzhu",
        "repo": "nixos-xlnx",
        "rev": "8bb30b706ad4f89ecc92f6ce6f5b19de86cc19d1",
        "type": "github"
      }
    },
    "nixpkgs": {
      "locked": {
        "lastModified": 1769089682,
        "narHash": "sha256-9yA/LIuAVQq0lXelrZPjLuLVuZdm03p8tfmHhnDIkms=",
        "owner": "NixOS",
        "repo": "nixpkgs",
        "rev": "078d69f03934859a181e81ba987c2bb033eebfc5",
        "type": "github"
      },
      "original": {
        "owner": "NixOS",
        "ref": "nixos-25.11",
        "repo": "nixpkgs",
        "type": "github"
      }
    },
    "root": {
      "inputs": {
        "nixos-xlnx": "nixos-xlnx",
        "nixpkgs": [
          "nixos-xlnx",
          "nixpkgs"
        ]
      }
    }
  },
  "root": "root",
  "version": 7
}
